Microsoft Visual Studio Solution File, Format Version 11.00
# Visual Studio 2008

Project("{A9E78CE5-A946-F0C0-9F7E-F56510122732}") = "sampleProject", "Assembly-CSharp.csproj", "{969845BE-C61E-3C5C-2845-736639E32FFE}"
EndProject
Project("{A9E78CE5-A946-F0C0-9F7E-F56510122732}") = "sampleProject", "Assembly-CSharp-Editor.csproj", "{2F5315CA-1020-4274-6F2D-A38D9A88A9B6}"
EndProject
Global
	GlobalSection(SolutionConfigurationPlatforms) = preSolution
		Debug|Any CPU = Debug|Any CPU
		Release|Any CPU = Release|Any CPU
	EndGlobalSection
	GlobalSection(ProjectConfigurationPlatforms) = postSolution
		{969845BE-C61E-3C5C-2845-736639E32FFE}.Debug|Any CPU.ActiveCfg = Debug|Any CPU
		{969845BE-C61E-3C5C-2845-736639E32FFE}.Debug|Any CPU.Build.0 = Debug|Any CPU
		{969845BE-C61E-3C5C-2845-736639E32FFE}.Release|Any CPU.ActiveCfg = Release|Any CPU
		{969845BE-C61E-3C5C-2845-736639E32FFE}.Release|Any CPU.Build.0 = Release|Any CPU
		{2F5315CA-1020-4274-6F2D-A38D9A88A9B6}.Debug|Any CPU.ActiveCfg = Debug|Any CPU
		{2F5315CA-1020-4274-6F2D-A38D9A88A9B6}.Debug|Any CPU.Build.0 = Debug|Any CPU
		{2F5315CA-1020-4274-6F2D-A38D9A88A9B6}.Release|Any CPU.ActiveCfg = Release|Any CPU
		{2F5315CA-1020-4274-6F2D-A38D9A88A9B6}.Release|Any CPU.Build.0 = Release|Any CPU
	EndGlobalSection
	GlobalSection(SolutionProperties) = preSolution
		HideSolutionNode = FALSE
	EndGlobalSection
	GlobalSection(MonoDevelopProperties) = preSolution
		StartupItem = Assembly-CSharp.csproj
	EndGlobalSection
EndGlobal
